// !$*UTF8*$!
{
	archiveVersion = 1;
	classes = {
	};
	objectVersion = 46;
	objects = {

/* Begin PBXBuildFile section */
		E815BF581B29D15300FAAB34 /* PawButton.swift in Sources */ = {isa = PBXBuildFile; fileRef = E815BF571B29D15300FAAB34 /* PawButton.swift */; };
		E815BF5A1B29D9BA00FAAB34 /* MoveButton.swift in Sources */ = {isa = PBXBuildFile; fileRef = E815BF591B29D9BA00FAAB34 /* MoveButton.swift */; };
		E815BF5C1B29EC4700FAAB34 /* Functions.swift in Sources */ = {isa = PBXBuildFile; fileRef = E815BF5B1B29EC4700FAAB34 /* Functions.swift */; };
		E815BF5E1B2A2CEC00FAAB34 /* PointBarView.swift in Sources */ = {isa = PBXBuildFile; fileRef = E815BF5D1B2A2CEC00FAAB34 /* PointBarView.swift */; };
		E83EE1651B2873BD0032F86F /* Avatar.swift in Sources */ = {isa = PBXBuildFile; fileRef = E83EE1641B2873BD0032F86F /* Avatar.swift */; };
		E89C52F31B272C2C0068A661 /* ipadMain.storyboard in Resources */ = {isa = PBXBuildFile; fileRef = E89C52F21B272C2C0068A661 /* ipadMain.storyboard */; };
		E89C52F61B272C450068A661 /* ipodMain.storyboard in Resources */ = {isa = PBXBuildFile; fileRef = E89C52F41B272C450068A661 /* ipodMain.storyboard */; };
		E89C52FC1B273B620068A661 /* ControllerViewController.swift in Sources */ = {isa = PBXBuildFile; fileRef = E89C52FB1B273B620068A661 /* ControllerViewController.swift */; };
		E89C52FE1B273C7A0068A661 /* Connector.swift in Sources */ = {isa = PBXBuildFile; fileRef = E89C52FD1B273C7A0068A661 /* Connector.swift */; };
		E89E5E811B2B136000F59347 /* PlayerStatsView.swift in Sources */ = {isa = PBXBuildFile; fileRef = E89E5E801B2B136000F59347 /* PlayerStatsView.swift */; };
		E89E5E831B2B149800F59347 /* StatsLivesView.swift in Sources */ = {isa = PBXBuildFile; fileRef = E89E5E821B2B149800F59347 /* StatsLivesView.swift */; };
		E89E5E851B2B14A700F59347 /* StatsKillsView.swift in Sources */ = {isa = PBXBuildFile; fileRef = E89E5E841B2B14A700F59347 /* StatsKillsView.swift */; };
		E8A7762F1B2917CE00DDD674 /* CircleView.swift in Sources */ = {isa = PBXBuildFile; fileRef = E8A7762E1B2917CE00DDD674 /* CircleView.swift */; };
		E8DB82011B28DD5300925AC9 /* TriangleButton.swift in Sources */ = {isa = PBXBuildFile; fileRef = E8DB82001B28DD5300925AC9 /* TriangleButton.swift */; };
		E8F21F9E1B2729C20073DA29 /* AppDelegate.swift in Sources */ = {isa = PBXBuildFile; fileRef = E8F21F9D1B2729C20073DA29 /* AppDelegate.swift */; };
		E8F21FA01B2729C20073DA29 /* GameScene.sks in Resources */ = {isa = PBXBuildFile; fileRef = E8F21F9F1B2729C20073DA29 /* GameScene.sks */; };
		E8F21FA21B2729C20073DA29 /* GameScene.swift in Sources */ = {isa = PBXBuildFile; fileRef = E8F21FA11B2729C20073DA29 /* GameScene.swift */; };
		E8F21FA41B2729C20073DA29 /* GameViewController.swift in Sources */ = {isa = PBXBuildFile; fileRef = E8F21FA31B2729C20073DA29 /* GameViewController.swift */; };
		E8F21FA91B2729C20073DA29 /* Images.xcassets in Resources */ = {isa = PBXBuildFile; fileRef = E8F21FA81B2729C20073DA29 /* Images.xcassets */; };
		E8F21FAC1B2729C20073DA29 /* LaunchScreen.xib in Resources */ = {isa = PBXBuildFile; fileRef = E8F21FAA1B2729C20073DA29 /* LaunchScreen.xib */; };
		E8F21FB81B2729C20073DA29 /* StuffedAnimalMortalCombatTests.swift in Sources */ = {isa = PBXBuildFile; fileRef = E8F21FB71B2729C20073DA29 /* StuffedAnimalMortalCombatTests.swift */; };
/* End PBXBuildFile section */

/* Begin PBXContainerItemProxy section */
		E8F21FB21B2729C20073DA29 /* PBXContainerItemProxy */ = {
			isa = PBXContainerItemProxy;
			containerPortal = E8F21F901B2729C20073DA29 /* Project object */;
			proxyType = 1;
			remoteGlobalIDString = E8F21F971B2729C20073DA29;
			remoteInfo = StuffedAnimalMortalCombat;
		};
/* End PBXContainerItemProxy section */

/* Begin PBXFileReference section */
		E815BF571B29D15300FAAB34 /* PawButton.swift */ = {isa = PBXFileReference; fileEncoding = 4; lastKnownFileType = sourcecode.swift; path = PawButton.swift; sourceTree = "<group>"; };
		E815BF591B29D9BA00FAAB34 /* MoveButton.swift */ = {isa = PBXFileReference; fileEncoding = 4; lastKnownFileType = sourcecode.swift; path = MoveButton.swift; sourceTree = "<group>"; };
		E815BF5B1B29EC4700FAAB34 /* Functions.swift */ = {isa = PBXFileReference; fileEncoding = 4; lastKnownFileType = sourcecode.swift; path = Functions.swift; sourceTree = "<group>"; };
		E815BF5D1B2A2CEC00FAAB34 /* PointBarView.swift */ = {isa = PBXFileReference; fileEncoding = 4; lastKnownFileType = sourcecode.swift; path = PointBarView.swift; sourceTree = "<group>"; };
		E83EE1641B2873BD0032F86F /* Avatar.swift */ = {isa = PBXFileReference; fileEncoding = 4; lastKnownFileType = sourcecode.swift; path = Avatar.swift; sourceTree = "<group>"; };
		E89C52F21B272C2C0068A661 /* ipadMain.storyboard */ = {isa = PBXFileReference; fileEncoding = 4; lastKnownFileType = file.storyboard; path = ipadMain.storyboard; sourceTree = "<group>"; };
		E89C52F51B272C450068A661 /* Base */ = {isa = PBXFileReference; lastKnownFileType = file.storyboard; name = Base; path = Base.lproj/ipodMain.storyboard; sourceTree = "<group>"; };
		E89C52FB1B273B620068A661 /* ControllerViewController.swift */ = {isa = PBXFileReference; fileEncoding = 4; lastKnownFileType = sourcecode.swift; path = ControllerViewController.swift; sourceTree = "<group>"; };
		E89C52FD1B273C7A0068A661 /* Connector.swift */ = {isa = PBXFileReference; fileEncoding = 4; lastKnownFileType = sourcecode.swift; path = Connector.swift; sourceTree = "<group>"; };
		E89E5E801B2B136000F59347 /* PlayerStatsView.swift */ = {isa = PBXFileReference; fileEncoding = 4; lastKnownFileType = sourcecode.swift; path = PlayerStatsView.swift; sourceTree = "<group>"; };
		E89E5E821B2B149800F59347 /* StatsLivesView.swift */ = {isa = PBXFileReference; fileEncoding = 4; lastKnownFileType = sourcecode.swift; path = StatsLivesView.swift; sourceTree = "<group>"; };
		E89E5E841B2B14A700F59347 /* StatsKillsView.swift */ = {isa = PBXFileReference; fileEncoding = 4; lastKnownFileType = sourcecode.swift; path = StatsKillsView.swift; sourceTree = "<group>"; };
		E8A7762E1B2917CE00DDD674 /* CircleView.swift */ = {isa = PBXFileReference; fileEncoding = 4; lastKnownFileType = sourcecode.swift; path = CircleView.swift; sourceTree = "<group>"; };
		E8DB82001B28DD5300925AC9 /* TriangleButton.swift */ = {isa = PBXFileReference; fileEncoding = 4; lastKnownFileType = sourcecode.swift; path = TriangleButton.swift; sourceTree = "<group>"; };
		E8F21F981B2729C20073DA29 /* StuffedAnimalMortalCombat.app */ = {isa = PBXFileReference; explicitFileType = wrapper.application; includeInIndex = 0; path = StuffedAnimalMortalCombat.app; sourceTree = BUILT_PRODUCTS_DIR; };
		E8F21F9C1B2729C20073DA29 /* Info.plist */ = {isa = PBXFileReference; lastKnownFileType = text.plist.xml; path = Info.plist; sourceTree = "<group>"; };
		E8F21F9D1B2729C20073DA29 /* AppDelegate.swift */ = {isa = PBXFileReference; lastKnownFileType = sourcecode.swift; path = AppDelegate.swift; sourceTree = "<group>"; };
		E8F21F9F1B2729C20073DA29 /* GameScene.sks */ = {isa = PBXFileReference; lastKnownFileType = file.sks; path = GameScene.sks; sourceTree = "<group>"; };
		E8F21FA11B2729C20073DA29 /* GameScene.swift */ = {isa = PBXFileReference; lastKnownFileType = sourcecode.swift; path = GameScene.swift; sourceTree = "<group>"; };
		E8F21FA31B2729C20073DA29 /* GameViewController.swift */ = {isa = PBXFileReference; lastKnownFileType = sourcecode.swift; path = GameViewController.swift; sourceTree = "<group>"; };
		E8F21FA81B2729C20073DA29 /* Images.xcassets */ = {isa = PBXFileReference; lastKnownFileType = folder.assetcatalog; path = Images.xcassets; sourceTree = "<group>"; };
		E8F21FAB1B2729C20073DA29 /* Base */ = {isa = PBXFileReference; lastKnownFileType = file.xib; name = Base; path = Base.lproj/LaunchScreen.xib; sourceTree = "<group>"; };
		E8F21FB11B2729C20073DA29 /* StuffedAnimalMortalCombatTests.xctest */ = {isa = PBXFileReference; explicitFileType = wrapper.cfbundle; includeInIndex = 0; path = StuffedAnimalMortalCombatTests.xctest; sourceTree = BUILT_PRODUCTS_DIR; };
		E8F21FB61B2729C20073DA29 /* Info.plist */ = {isa = PBXFileReference; lastKnownFileType = text.plist.xml; path = Info.plist; sourceTree = "<group>"; };
		E8F21FB71B2729C20073DA29 /* StuffedAnimalMortalCombatTests.swift */ = {isa = PBXFileReference; lastKnownFileType = sourcecode.swift; path = StuffedAnimalMortalCombatTests.swift; sourceTree = "<group>"; };
/* End PBXFileReference section */

/* Begin PBXFrameworksBuildPhase section */
		E8F21F951B2729C20073DA29 /* Frameworks */ = {
			isa = PBXFrameworksBuildPhase;
			buildActionMask = 2147483647;
			files = (
			);
			runOnlyForDeploymentPostprocessing = 0;
		};
		E8F21FAE1B2729C20073DA29 /* Frameworks */ = {
			isa = PBXFrameworksBuildPhase;
			buildActionMask = 2147483647;
			files = (
			);
			runOnlyForDeploymentPostprocessing = 0;
		};
/* End PBXFrameworksBuildPhase section */

/* Begin PBXGroup section */
		E83EE1631B2873880032F86F /* Controller */ = {
			isa = PBXGroup;
			children = (
				E83EE1641B2873BD0032F86F /* Avatar.swift */,
				E815BF571B29D15300FAAB34 /* PawButton.swift */,
			);
			name = Controller;
			sourceTree = "<group>";
		};
		E89C52FA1B273B330068A661 /* Game */ = {
			isa = PBXGroup;
			children = (
				E8F21FA11B2729C20073DA29 /* GameScene.swift */,
				E8F21F9F1B2729C20073DA29 /* GameScene.sks */,
				E815BF5D1B2A2CEC00FAAB34 /* PointBarView.swift */,
				E89E5E801B2B136000F59347 /* PlayerStatsView.swift */,
				E89E5E821B2B149800F59347 /* StatsLivesView.swift */,
				E89E5E841B2B14A700F59347 /* StatsKillsView.swift */,
			);
			name = Game;
			sourceTree = "<group>";
		};
		E89C52FF1B273C870068A661 /* Random */ = {
			isa = PBXGroup;
			children = (
				E89C52FD1B273C7A0068A661 /* Connector.swift */,
			);
			name = Random;
			sourceTree = "<group>";
		};
		E8DB81FF1B28DB4D00925AC9 /* IBDesignables */ = {
			isa = PBXGroup;
			children = (
				E8DB82001B28DD5300925AC9 /* TriangleButton.swift */,
				E8A7762E1B2917CE00DDD674 /* CircleView.swift */,
				E815BF591B29D9BA00FAAB34 /* MoveButton.swift */,
			);
			name = IBDesignables;
			sourceTree = "<group>";
		};
		E8F21F8F1B2729C20073DA29 = {
			isa = PBXGroup;
			children = (
				E8F21F9A1B2729C20073DA29 /* StuffedAnimalMortalCombat */,
				E8F21FB41B2729C20073DA29 /* StuffedAnimalMortalCombatTests */,
				E8F21F991B2729C20073DA29 /* Products */,
			);
			sourceTree = "<group>";
		};
		E8F21F991B2729C20073DA29 /* Products */ = {
			isa = PBXGroup;
			children = (
				E8F21F981B2729C20073DA29 /* StuffedAnimalMortalCombat.app */,
				E8F21FB11B2729C20073DA29 /* StuffedAnimalMortalCombatTests.xctest */,
			);
			name = Products;
			sourceTree = "<group>";
		};
		E8F21F9A1B2729C20073DA29 /* StuffedAnimalMortalCombat */ = {
			isa = PBXGroup;
			children = (
				E89C52FF1B273C870068A661 /* Random */,
				E89C52F21B272C2C0068A661 /* ipadMain.storyboard */,
				E8F21FA31B2729C20073DA29 /* GameViewController.swift */,
				E89C52FA1B273B330068A661 /* Game */,
				E89C52F41B272C450068A661 /* ipodMain.storyboard */,
				E89C52FB1B273B620068A661 /* ControllerViewController.swift */,
				E8DB81FF1B28DB4D00925AC9 /* IBDesignables */,
				E83EE1631B2873880032F86F /* Controller */,
				E8F21F9B1B2729C20073DA29 /* Supporting Files */,
			);
			path = StuffedAnimalMortalCombat;
			sourceTree = "<group>";
		};
		E8F21F9B1B2729C20073DA29 /* Supporting Files */ = {
			isa = PBXGroup;
			children = (
				E8F21FA81B2729C20073DA29 /* Images.xcassets */,
				E8F21F9C1B2729C20073DA29 /* Info.plist */,
				E8F21F9D1B2729C20073DA29 /* AppDelegate.swift */,
				E8F21FAA1B2729C20073DA29 /* LaunchScreen.xib */,
				E815BF5B1B29EC4700FAAB34 /* Functions.swift */,
			);
			name = "Supporting Files";
			sourceTree = "<group>";
		};
		E8F21FB41B2729C20073DA29 /* StuffedAnimalMortalCombatTests */ = {
			isa = PBXGroup;
			children = (
				E8F21FB71B2729C20073DA29 /* StuffedAnimalMortalCombatTests.swift */,
				E8F21FB51B2729C20073DA29 /* Supporting Files */,
			);
			path = StuffedAnimalMortalCombatTests;
			sourceTree = "<group>";
		};
		E8F21FB51B2729C20073DA29 /* Supporting Files */ = {
			isa = PBXGroup;
			children = (
				E8F21FB61B2729C20073DA29 /* Info.plist */,
			);
			name = "Supporting Files";
			sourceTree = "<group>";
		};
/* End PBXGroup section */

/* Begin PBXNativeTarget section */
		E8F21F971B2729C20073DA29 /* StuffedAnimalMortalCombat */ = {
			isa = PBXNativeTarget;
			buildConfigurationList = E8F21FBB1B2729C20073DA29 /* Build configuration list for PBXNativeTarget "StuffedAnimalMortalCombat" */;
			buildPhases = (
				E8F21F941B2729C20073DA29 /* Sources */,
				E8F21F951B2729C20073DA29 /* Frameworks */,
				E8F21F961B2729C20073DA29 /* Resources */,
			);
			buildRules = (
			);
			dependencies = (
			);
			name = StuffedAnimalMortalCombat;
			productName = StuffedAnimalMortalCombat;
			productReference = E8F21F981B2729C20073DA29 /* StuffedAnimalMortalCombat.app */;
			productType = "com.apple.product-type.application";
		};
		E8F21FB01B2729C20073DA29 /* StuffedAnimalMortalCombatTests */ = {
			isa = PBXNativeTarget;
			buildConfigurationList = E8F21FBE1B2729C20073DA29 /* Build configuration list for PBXNativeTarget "StuffedAnimalMortalCombatTests" */;
			buildPhases = (
				E8F21FAD1B2729C20073DA29 /* Sources */,
				E8F21FAE1B2729C20073DA29 /* Frameworks */,
				E8F21FAF1B2729C20073DA29 /* Resources */,
			);
			buildRules = (
			);
			dependencies = (
				E8F21FB31B2729C20073DA29 /* PBXTargetDependency */,
			);
			name = StuffedAnimalMortalCombatTests;
			productName = StuffedAnimalMortalCombatTests;
			productReference = E8F21FB11B2729C20073DA29 /* StuffedAnimalMortalCombatTests.xctest */;
			productType = "com.apple.product-type.bundle.unit-test";
		};
/* End PBXNativeTarget section */

/* Begin PBXProject section */
		E8F21F901B2729C20073DA29 /* Project object */ = {
			isa = PBXProject;
			attributes = {
				LastUpgradeCheck = 0630;
				ORGANIZATIONNAME = "Christopher Wainwright Aaron";
				TargetAttributes = {
					E8F21F971B2729C20073DA29 = {
						CreatedOnToolsVersion = 6.3;
					};
					E8F21FB01B2729C20073DA29 = {
						CreatedOnToolsVersion = 6.3;
						TestTargetID = E8F21F971B2729C20073DA29;
					};
				};
			};
			buildConfigurationList = E8F21F931B2729C20073DA29 /* Build configuration list for PBXProject "StuffedAnimalMortalCombat" */;
			compatibilityVersion = "Xcode 3.2";
			developmentRegion = English;
			hasScannedForEncodings = 0;
			knownRegions = (
				en,
				Base,
			);
			mainGroup = E8F21F8F1B2729C20073DA29;
			productRefGroup = E8F21F991B2729C20073DA29 /* Products */;
			projectDirPath = "";
			projectRoot = "";
			targets = (
				E8F21F971B2729C20073DA29 /* StuffedAnimalMortalCombat */,
				E8F21FB01B2729C20073DA29 /* StuffedAnimalMortalCombatTests */,
			);
		};
/* End PBXProject section */

/* Begin PBXResourcesBuildPhase section */
		E8F21F961B2729C20073DA29 /* Resources */ = {
			isa = PBXResourcesBuildPhase;
			buildActionMask = 2147483647;
			files = (
				E8F21FAC1B2729C20073DA29 /* LaunchScreen.xib in Resources */,
				E89C52F61B272C450068A661 /* ipodMain.storyboard in Resources */,
				E8F21FA91B2729C20073DA29 /* Images.xcassets in Resources */,
				E8F21FA01B2729C20073DA29 /* GameScene.sks in Resources */,
				E89C52F31B272C2C0068A661 /* ipadMain.storyboard in Resources */,
			);
			runOnlyForDeploymentPostprocessing = 0;
		};
		E8F21FAF1B2729C20073DA29 /* Resources */ = {
			isa = PBXResourcesBuildPhase;
			buildActionMask = 2147483647;
			files = (
			);
			runOnlyForDeploymentPostprocessing = 0;
		};
/* End PBXResourcesBuildPhase section */

/* Begin PBXSourcesBuildPhase section */
		E8F21F941B2729C20073DA29 /* Sources */ = {
			isa = PBXSourcesBuildPhase;
			buildActionMask = 2147483647;
			files = (
				E89E5E851B2B14A700F59347 /* StatsKillsView.swift in Sources */,
				E89E5E811B2B136000F59347 /* PlayerStatsView.swift in Sources */,
				E815BF5A1B29D9BA00FAAB34 /* MoveButton.swift in Sources */,
				E8A7762F1B2917CE00DDD674 /* CircleView.swift in Sources */,
				E83EE1651B2873BD0032F86F /* Avatar.swift in Sources */,
				E89E5E831B2B149800F59347 /* StatsLivesView.swift in Sources */,
				E815BF5E1B2A2CEC00FAAB34 /* PointBarView.swift in Sources */,
				E89C52FC1B273B620068A661 /* ControllerViewController.swift in Sources */,
				E815BF5C1B29EC4700FAAB34 /* Functions.swift in Sources */,
				E8F21FA21B2729C20073DA29 /* GameScene.swift in Sources */,
				E8F21FA41B2729C20073DA29 /* GameViewController.swift in Sources */,
				E815BF581B29D15300FAAB34 /* PawButton.swift in Sources */,
				E89C52FE1B273C7A0068A661 /* Connector.swift in Sources */,
				E8DB82011B28DD5300925AC9 /* TriangleButton.swift in Sources */,
				E8F21F9E1B2729C20073DA29 /* AppDelegate.swift in Sources */,
			);
			runOnlyForDeploymentPostprocessing = 0;
		};
		E8F21FAD1B2729C20073DA29 /* Sources */ = {
			isa = PBXSourcesBuildPhase;
			buildActionMask = 2147483647;
			files = (
				E8F21FB81B2729C20073DA29 /* StuffedAnimalMortalCombatTests.swift in Sources */,
			);
			runOnlyForDeploymentPostprocessing = 0;
		};
/* End PBXSourcesBuildPhase section */

/* Begin PBXTargetDependency section */
		E8F21FB31B2729C20073DA29 /* PBXTargetDependency */ = {
			isa = PBXTargetDependency;
			target = E8F21F971B2729C20073DA29 /* StuffedAnimalMortalCombat */;
			targetProxy = E8F21FB21B2729C20073DA29 /* PBXContainerItemProxy */;
		};
/* End PBXTargetDependency section */

/* Begin PBXVariantGroup section */
		E89C52F41B272C450068A661 /* ipodMain.storyboard */ = {
			isa = PBXVariantGroup;
			children = (
				E89C52F51B272C450068A661 /* Base */,
			);
			name = ipodMain.storyboard;
			sourceTree = "<group>";
		};
		E8F21FAA1B2729C20073DA29 /* LaunchScreen.xib */ = {
			isa = PBXVariantGroup;
			children = (
				E8F21FAB1B2729C20073DA29 /* Base */,
			);
			name = LaunchScreen.xib;
			sourceTree = "<group>";
		};
/* End PBXVariantGroup section */

/* Begin XCBuildConfiguration section */
		E8F21FB91B2729C20073DA29 /* Debug */ = {
			isa = XCBuildConfiguration;
			buildSettings = {
				ALWAYS_SEARCH_USER_PATHS = NO;
				CLANG_CXX_LANGUAGE_STANDARD = "gnu++0x";
				CLANG_CXX_LIBRARY = "libc++";
				CLANG_ENABLE_MODULES = YES;
				CLANG_ENABLE_OBJC_ARC = YES;
				CLANG_WARN_BOOL_CONVERSION = YES;
				CLANG_WARN_CONSTANT_CONVERSION = YES;
				CLANG_WARN_DIRECT_OBJC_ISA_USAGE = YES_ERROR;
				CLANG_WARN_EMPTY_BODY = YES;
				CLANG_WARN_ENUM_CONVERSION = YES;
				CLANG_WARN_INT_CONVERSION = YES;
				CLANG_WARN_OBJC_ROOT_CLASS = YES_ERROR;
				CLANG_WARN_UNREACHABLE_CODE = YES;
				CLANG_WARN__DUPLICATE_METHOD_MATCH = YES;
				"CODE_SIGN_IDENTITY[sdk=iphoneos*]" = "iPhone Developer";
				COPY_PHASE_STRIP = NO;
				DEBUG_INFORMATION_FORMAT = "dwarf-with-dsym";
				ENABLE_STRICT_OBJC_MSGSEND = YES;
				GCC_C_LANGUAGE_STANDARD = gnu99;
				GCC_DYNAMIC_NO_PIC = NO;
				GCC_NO_COMMON_BLOCKS = YES;
				GCC_OPTIMIZATION_LEVEL = 0;
				GCC_PREPROCESSOR_DEFINITIONS = (
					"DEBUG=1",
					"$(inherited)",
				);
				GCC_SYMBOLS_PRIVATE_EXTERN = NO;
				GCC_WARN_64_TO_32_BIT_CONVERSION = YES;
				GCC_WARN_ABOUT_RETURN_TYPE = YES_ERROR;
				GCC_WARN_UNDECLARED_SELECTOR = YES;
				GCC_WARN_UNINITIALIZED_AUTOS = YES_AGGRESSIVE;
				GCC_WARN_UNUSED_FUNCTION = YES;
				GCC_WARN_UNUSED_VARIABLE = YES;
				IPHONEOS_DEPLOYMENT_TARGET = 8.3;
				MTL_ENABLE_DEBUG_INFO = YES;
				ONLY_ACTIVE_ARCH = YES;
				SDKROOT = iphoneos;
				SWIFT_OPTIMIZATION_LEVEL = "-Onone";
				TARGETED_DEVICE_FAMILY = "1,2";
			};
			name = Debug;
		};
		E8F21FBA1B2729C20073DA29 /* Release */ = {
			isa = XCBuildConfiguration;
			buildSettings = {
				ALWAYS_SEARCH_USER_PATHS = NO;
				CLANG_CXX_LANGUAGE_STANDARD = "gnu++0x";
				CLANG_CXX_LIBRARY = "libc++";
				CLANG_ENABLE_MODULES = YES;
				CLANG_ENABLE_OBJC_ARC = YES;
				CLANG_WARN_BOOL_CONVERSION = YES;
				CLANG_WARN_CONSTANT_CONVERSION = YES;
				CLANG_WARN_DIRECT_OBJC_ISA_USAGE = YES_ERROR;
				CLANG_WARN_EMPTY_BODY = YES;
				CLANG_WARN_ENUM_CONVERSION = YES;
				CLANG_WARN_INT_CONVERSION = YES;
				CLANG_WARN_OBJC_ROOT_CLASS = YES_ERROR;
				CLANG_WARN_UNREACHABLE_CODE = YES;
				CLANG_WARN__DUPLICATE_METHOD_MATCH = YES;
				"CODE_SIGN_IDENTITY[sdk=iphoneos*]" = "iPhone Developer";
				COPY_PHASE_STRIP = NO;
				DEBUG_INFORMATION_FORMAT = "dwarf-with-dsym";
				ENABLE_NS_ASSERTIONS = NO;
				ENABLE_STRICT_OBJC_MSGSEND = YES;
				GCC_C_LANGUAGE_STANDARD = gnu99;
				GCC_NO_COMMON_BLOCKS = YES;
				GCC_WARN_64_TO_32_BIT_CONVERSION = YES;
				GCC_WARN_ABOUT_RETURN_TYPE = YES_ERROR;
				GCC_WARN_UNDECLARED_SELECTOR = YES;
				GCC_WARN_UNINITIALIZED_AUTOS = YES_AGGRESSIVE;
				GCC_WARN_UNUSED_FUNCTION = YES;
				GCC_WARN_UNUSED_VARIABLE = YES;
				IPHONEOS_DEPLOYMENT_TARGET = 8.3;
				MTL_ENABLE_DEBUG_INFO = NO;
				SDKROOT = iphoneos;
				TARGETED_DEVICE_FAMILY = "1,2";
				VALIDATE_PRODUCT = YES;
			};
			name = Release;
		};
		E8F21FBC1B2729C20073DA29 /* Debug */ = {
			isa = XCBuildConfiguration;
			buildSettings = {
				ASSETCATALOG_COMPILER_APPICON_NAME = AppIcon;
				INFOPLIST_FILE = StuffedAnimalMortalCombat/Info.plist;
				LD_RUNPATH_SEARCH_PATHS = "$(inherited) @executable_path/Frameworks";
				PRODUCT_NAME = "$(TARGET_NAME)";
				TARGETED_DEVICE_FAMILY = "1,2";
			};
			name = Debug;
		};
		E8F21FBD1B2729C20073DA29 /* Release */ = {
			isa = XCBuildConfiguration;
			buildSettings = {
				ASSETCATALOG_COMPILER_APPICON_NAME = AppIcon;
				INFOPLIST_FILE = StuffedAnimalMortalCombat/Info.plist;
				LD_RUNPATH_SEARCH_PATHS = "$(inherited) @executable_path/Frameworks";
				PRODUCT_NAME = "$(TARGET_NAME)";
				TARGETED_DEVICE_FAMILY = "1,2";
			};
			name = Release;
		};
		E8F21FBF1B2729C20073DA29 /* Debug */ = {
			isa = XCBuildConfiguration;
			buildSettings = {
				BUNDLE_LOADER = "$(TEST_HOST)";
				FRAMEWORK_SEARCH_PATHS = (
					"$(SDKROOT)/Developer/Library/Frameworks",
					"$(inherited)",
				);
				GCC_PREPROCESSOR_DEFINITIONS = (
					"DEBUG=1",
					"$(inherited)",
				);
				INFOPLIST_FILE = StuffedAnimalMortalCombatTests/Info.plist;
				LD_RUNPATH_SEARCH_PATHS = "$(inherited) @executable_path/Frameworks @loader_path/Frameworks";
				PRODUCT_NAME = "$(TARGET_NAME)";
				TEST_HOST = "$(BUILT_PRODUCTS_DIR)/StuffedAnimalMortalCombat.app/StuffedAnimalMortalCombat";
			};
			name = Debug;
		};
		E8F21FC01B2729C20073DA29 /* Release */ = {
			isa = XCBuildConfiguration;
			buildSettings = {
				BUNDLE_LOADER = "$(TEST_HOST)";
				FRAMEWORK_SEARCH_PATHS = (
					"$(SDKROOT)/Developer/Library/Frameworks",
					"$(inherited)",
				);
				INFOPLIST_FILE = StuffedAnimalMortalCombatTests/Info.plist;
				LD_RUNPATH_SEARCH_PATHS = "$(inherited) @executable_path/Frameworks @loader_path/Frameworks";
				PRODUCT_NAME = "$(TARGET_NAME)";
				TEST_HOST = "$(BUILT_PRODUCTS_DIR)/StuffedAnimalMortalCombat.app/StuffedAnimalMortalCombat";
			};
			name = Release;
		};
/* End XCBuildConfiguration section */

/* Begin XCConfigurationList section */
		E8F21F931B2729C20073DA29 /* Build configuration list for PBXProject "StuffedAnimalMortalCombat" */ = {
			isa = XCConfigurationList;
			buildConfigurations = (
				E8F21FB91B2729C20073DA29 /* Debug */,
				E8F21FBA1B2729C20073DA29 /* Release */,
			);
			defaultConfigurationIsVisible = 0;
			defaultConfigurationName = Release;
		};
		E8F21FBB1B2729C20073DA29 /* Build configuration list for PBXNativeTarget "StuffedAnimalMortalCombat" */ = {
			isa = XCConfigurationList;
			buildConfigurations = (
				E8F21FBC1B2729C20073DA29 /* Debug */,
				E8F21FBD1B2729C20073DA29 /* Release */,
			);
			defaultConfigurationIsVisible = 0;
			defaultConfigurationName = Release;
		};
		E8F21FBE1B2729C20073DA29 /* Build configuration list for PBXNativeTarget "StuffedAnimalMortalCombatTests" */ = {
			isa = XCConfigurationList;
			buildConfigurations = (
				E8F21FBF1B2729C20073DA29 /* Debug */,
				E8F21FC01B2729C20073DA29 /* Release */,
			);
			defaultConfigurationIsVisible = 0;
			defaultConfigurationName = Release;
		};
/* End XCConfigurationList section */
	};
	rootObject = E8F21F901B2729C20073DA29 /* Project object */;
}
